// !$*UTF8*$!
{
	archiveVersion = 1;
	classes = {
	};
	objectVersion = 50;
	objects = {

/* Begin PBXBuildFile section */
		DD50E5762701A22900A0EDA7 /* AppDelegate.swift in Sources */ = {isa = PBXBuildFile; fileRef = DD50E5752701A22900A0EDA7 /* AppDelegate.swift */; };
		DD50E5782701A22900A0EDA7 /* SceneDelegate.swift in Sources */ = {isa = PBXBuildFile; fileRef = DD50E5772701A22900A0EDA7 /* SceneDelegate.swift */; };
		DD50E57A2701A22900A0EDA7 /* ContentView.swift in Sources */ = {isa = PBXBuildFile; fileRef = DD50E5792701A22900A0EDA7 /* ContentView.swift */; };
		DD50E57C2701A22B00A0EDA7 /* Assets.xcassets in Resources */ = {isa = PBXBuildFile; fileRef = DD50E57B2701A22B00A0EDA7 /* Assets.xcassets */; };
		DD50E57F2701A22B00A0EDA7 /* Preview Assets.xcassets in Resources */ = {isa = PBXBuildFile; fileRef = DD50E57E2701A22B00A0EDA7 /* Preview Assets.xcassets */; };
		DD50E5822701A22B00A0EDA7 /* LaunchScreen.storyboard in Resources */ = {isa = PBXBuildFile; fileRef = DD50E5802701A22B00A0EDA7 /* LaunchScreen.storyboard */; };
		DD50E58D2701A22B00A0EDA7 /* practice_swiftUITests.swift in Sources */ = {isa = PBXBuildFile; fileRef = DD50E58C2701A22B00A0EDA7 /* practice_swiftUITests.swift */; };
		DD50E5982701A22C00A0EDA7 /* practice_swiftUIUITests.swift in Sources */ = {isa = PBXBuildFile; fileRef = DD50E5972701A22C00A0EDA7 /* practice_swiftUIUITests.swift */; };
/* End PBXBuildFile section */

/* Begin PBXContainerItemProxy section */
		DD50E5892701A22B00A0EDA7 /* PBXContainerItemProxy */ = {
			isa = PBXContainerItemProxy;
			containerPortal = DD50E56A2701A22900A0EDA7 /* Project object */;
			proxyType = 1;
			remoteGlobalIDString = DD50E5712701A22900A0EDA7;
			remoteInfo = practice_swiftUI;
		};
		DD50E5942701A22C00A0EDA7 /* PBXContainerItemProxy */ = {
			isa = PBXContainerItemProxy;
			containerPortal = DD50E56A2701A22900A0EDA7 /* Project object */;
			proxyType = 1;
			remoteGlobalIDString = DD50E5712701A22900A0EDA7;
			remoteInfo = practice_swiftUI;
		};
/* End PBXContainerItemProxy section */

/* Begin PBXFileReference section */
		DD50E5722701A22900A0EDA7 /* practice_swiftUI.app */ = {isa = PBXFileReference; explicitFileType = wrapper.application; includeInIndex = 0; path = practice_swiftUI.app; sourceTree = BUILT_PRODUCTS_DIR; };
		DD50E5752701A22900A0EDA7 /* AppDelegate.swift */ = {isa = PBXFileReference; lastKnownFileType = sourcecode.swift; path = AppDelegate.swift; sourceTree = "<group>"; };
		DD50E5772701A22900A0EDA7 /* SceneDelegate.swift */ = {isa = PBXFileReference; lastKnownFileType = sourcecode.swift; path = SceneDelegate.swift; sourceTree = "<group>"; };
		DD50E5792701A22900A0EDA7 /* ContentView.swift */ = {isa = PBXFileReference; lastKnownFileType = sourcecode.swift; path = ContentView.swift; sourceTree = "<group>"; };
		DD50E57B2701A22B00A0EDA7 /* Assets.xcassets */ = {isa = PBXFileReference; lastKnownFileType = folder.assetcatalog; path = Assets.xcassets; sourceTree = "<group>"; };
		DD50E57E2701A22B00A0EDA7 /* Preview Assets.xcassets */ = {isa = PBXFileReference; lastKnownFileType = folder.assetcatalog; path = "Preview Assets.xcassets"; sourceTree = "<group>"; };
		DD50E5812701A22B00A0EDA7 /* Base */ = {isa = PBXFileReference; lastKnownFileType = file.storyboard; name = Base; path = Base.lproj/LaunchScreen.storyboard; sourceTree = "<group>"; };
		DD50E5832701A22B00A0EDA7 /* Info.plist */ = {isa = PBXFileReference; lastKnownFileType = text.plist.xml; path = Info.plist; sourceTree = "<group>"; };
		DD50E5882701A22B00A0EDA7 /* practice_swiftUITests.xctest */ = {isa = PBXFileReference; explicitFileType = wrapper.cfbundle; includeInIndex = 0; path = practice_swiftUITests.xctest; sourceTree = BUILT_PRODUCTS_DIR; };
		DD50E58C2701A22B00A0EDA7 /* practice_swiftUITests.swift */ = {isa = PBXFileReference; lastKnownFileType = sourcecode.swift; path = practice_swiftUITests.swift; sourceTree = "<group>"; };
		DD50E58E2701A22C00A0EDA7 /* Info.plist */ = {isa = PBXFileReference; lastKnownFileType = text.plist.xml; path = Info.plist; sourceTree = "<group>"; };
		DD50E5932701A22C00A0EDA7 /* practice_swiftUIUITests.xctest */ = {isa = PBXFileReference; explicitFileType = wrapper.cfbundle; includeInIndex = 0; path = practice_swiftUIUITests.xctest; sourceTree = BUILT_PRODUCTS_DIR; };
		DD50E5972701A22C00A0EDA7 /* practice_swiftUIUITests.swift */ = {isa = PBXFileReference; lastKnownFileType = sourcecode.swift; path = practice_swiftUIUITests.swift; sourceTree = "<group>"; };
		DD50E5992701A22C00A0EDA7 /* Info.plist */ = {isa = PBXFileReference; lastKnownFileType = text.plist.xml; path = Info.plist; sourceTree = "<group>"; };
/* End PBXFileReference section */

/* Begin PBXFrameworksBuildPhase section */
		DD50E56F2701A22900A0EDA7 /* Frameworks */ = {
			isa = PBXFrameworksBuildPhase;
			buildActionMask = 2147483647;
			files = (
			);
			runOnlyForDeploymentPostprocessing = 0;
		};
		DD50E5852701A22B00A0EDA7 /* Frameworks */ = {
			isa = PBXFrameworksBuildPhase;
			buildActionMask = 2147483647;
			files = (
			);
			runOnlyForDeploymentPostprocessing = 0;
		};
		DD50E5902701A22C00A0EDA7 /* Frameworks */ = {
			isa = PBXFrameworksBuildPhase;
			buildActionMask = 2147483647;
			files = (
			);
			runOnlyForDeploymentPostprocessing = 0;
		};
/* End PBXFrameworksBuildPhase section */

/* Begin PBXGroup section */
		DD50E5692701A22900A0EDA7 = {
			isa = PBXGroup;
			children = (
				DD50E5742701A22900A0EDA7 /* practice_swiftUI */,
				DD50E58B2701A22B00A0EDA7 /* practice_swiftUITests */,
				DD50E5962701A22C00A0EDA7 /* practice_swiftUIUITests */,
				DD50E5732701A22900A0EDA7 /* Products */,
			);
			sourceTree = "<group>";
		};
		DD50E5732701A22900A0EDA7 /* Products */ = {
			isa = PBXGroup;
			children = (
				DD50E5722701A22900A0EDA7 /* practice_swiftUI.app */,
				DD50E5882701A22B00A0EDA7 /* practice_swiftUITests.xctest */,
				DD50E5932701A22C00A0EDA7 /* practice_swiftUIUITests.xctest */,
			);
			name = Products;
			sourceTree = "<group>";
		};
		DD50E5742701A22900A0EDA7 /* practice_swiftUI */ = {
			isa = PBXGroup;
			children = (
				DD50E5752701A22900A0EDA7 /* AppDelegate.swift */,
				DD50E5772701A22900A0EDA7 /* SceneDelegate.swift */,
				DD50E5792701A22900A0EDA7 /* ContentView.swift */,
				DD50E57B2701A22B00A0EDA7 /* Assets.xcassets */,
				DD50E5802701A22B00A0EDA7 /* LaunchScreen.storyboard */,
				DD50E5832701A22B00A0EDA7 /* Info.plist */,
				DD50E57D2701A22B00A0EDA7 /* Preview Content */,
			);
			path = practice_swiftUI;
			sourceTree = "<group>";
		};
		DD50E57D2701A22B00A0EDA7 /* Preview Content */ = {
			isa = PBXGroup;
			children = (
				DD50E57E2701A22B00A0EDA7 /* Preview Assets.xcassets */,
			);
			path = "Preview Content";
			sourceTree = "<group>";
		};
		DD50E58B2701A22B00A0EDA7 /* practice_swiftUITests */ = {
			isa = PBXGroup;
			children = (
				DD50E58C2701A22B00A0EDA7 /* practice_swiftUITests.swift */,
				DD50E58E2701A22C00A0EDA7 /* Info.plist */,
			);
			path = practice_swiftUITests;
			sourceTree = "<group>";
		};
		DD50E5962701A22C00A0EDA7 /* practice_swiftUIUITests */ = {
			isa = PBXGroup;
			children = (
				DD50E5972701A22C00A0EDA7 /* practice_swiftUIUITests.swift */,
				DD50E5992701A22C00A0EDA7 /* Info.plist */,
			);
			path = practice_swiftUIUITests;
			sourceTree = "<group>";
		};
/* End PBXGroup section */

/* Begin PBXNativeTarget section */
		DD50E5712701A22900A0EDA7 /* practice_swiftUI */ = {
			isa = PBXNativeTarget;
			buildConfigurationList = DD50E59C2701A22C00A0EDA7 /* Build configuration list for PBXNativeTarget "practice_swiftUI" */;
			buildPhases = (
				DD50E56E2701A22900A0EDA7 /* Sources */,
				DD50E56F2701A22900A0EDA7 /* Frameworks */,
				DD50E5702701A22900A0EDA7 /* Resources */,
			);
			buildRules = (
			);
			dependencies = (
			);
			name = practice_swiftUI;
			productName = practice_swiftUI;
			productReference = DD50E5722701A22900A0EDA7 /* practice_swiftUI.app */;
			productType = "com.apple.product-type.application";
		};
		DD50E5872701A22B00A0EDA7 /* practice_swiftUITests */ = {
			isa = PBXNativeTarget;
			buildConfigurationList = DD50E59F2701A22C00A0EDA7 /* Build configuration list for PBXNativeTarget "practice_swiftUITests" */;
			buildPhases = (
				DD50E5842701A22B00A0EDA7 /* Sources */,
				DD50E5852701A22B00A0EDA7 /* Frameworks */,
				DD50E5862701A22B00A0EDA7 /* Resources */,
			);
			buildRules = (
			);
			dependencies = (
				DD50E58A2701A22B00A0EDA7 /* PBXTargetDependency */,
			);
			name = practice_swiftUITests;
			productName = practice_swiftUITests;
			productReference = DD50E5882701A22B00A0EDA7 /* practice_swiftUITests.xctest */;
			productType = "com.apple.product-type.bundle.unit-test";
		};
		DD50E5922701A22C00A0EDA7 /* practice_swiftUIUITests */ = {
			isa = PBXNativeTarget;
			buildConfigurationList = DD50E5A22701A22C00A0EDA7 /* Build configuration list for PBXNativeTarget "practice_swiftUIUITests" */;
			buildPhases = (
				DD50E58F2701A22C00A0EDA7 /* Sources */,
				DD50E5902701A22C00A0EDA7 /* Frameworks */,
				DD50E5912701A22C00A0EDA7 /* Resources */,
			);
			buildRules = (
			);
			dependencies = (
				DD50E5952701A22C00A0EDA7 /* PBXTargetDependency */,
			);
			name = practice_swiftUIUITests;
			productName = practice_swiftUIUITests;
			productReference = DD50E5932701A22C00A0EDA7 /* practice_swiftUIUITests.xctest */;
			productType = "com.apple.product-type.bundle.ui-testing";
		};
/* End PBXNativeTarget section */

/* Begin PBXProject section */
		DD50E56A2701A22900A0EDA7 /* Project object */ = {
			isa = PBXProject;
			attributes = {
				LastSwiftUpdateCheck = 1250;
				LastUpgradeCheck = 1250;
				TargetAttributes = {
					DD50E5712701A22900A0EDA7 = {
						CreatedOnToolsVersion = 12.5.1;
					};
					DD50E5872701A22B00A0EDA7 = {
						CreatedOnToolsVersion = 12.5.1;
						TestTargetID = DD50E5712701A22900A0EDA7;
					};
					DD50E5922701A22C00A0EDA7 = {
						CreatedOnToolsVersion = 12.5.1;
						TestTargetID = DD50E5712701A22900A0EDA7;
					};
				};
			};
			buildConfigurationList = DD50E56D2701A22900A0EDA7 /* Build configuration list for PBXProject "practice_swiftUI" */;
			compatibilityVersion = "Xcode 9.3";
			developmentRegion = en;
			hasScannedForEncodings = 0;
			knownRegions = (
				en,
				Base,
			);
			mainGroup = DD50E5692701A22900A0EDA7;
			productRefGroup = DD50E5732701A22900A0EDA7 /* Products */;
			projectDirPath = "";
			projectRoot = "";
			targets = (
				DD50E5712701A22900A0EDA7 /* practice_swiftUI */,
				DD50E5872701A22B00A0EDA7 /* practice_swiftUITests */,
				DD50E5922701A22C00A0EDA7 /* practice_swiftUIUITests */,
			);
		};
/* End PBXProject section */

/* Begin PBXResourcesBuildPhase section */
		DD50E5702701A22900A0EDA7 /* Resources */ = {
			isa = PBXResourcesBuildPhase;
			buildActionMask = 2147483647;
			files = (
				DD50E5822701A22B00A0EDA7 /* LaunchScreen.storyboard in Resources */,
				DD50E57F2701A22B00A0EDA7 /* Preview Assets.xcassets in Resources */,
				DD50E57C2701A22B00A0EDA7 /* Assets.xcassets in Resources */,
			);
			runOnlyForDeploymentPostprocessing = 0;
		};
		DD50E5862701A22B00A0EDA7 /* Resources */ = {
			isa = PBXResourcesBuildPhase;
			buildActionMask = 2147483647;
			files = (
			);
			runOnlyForDeploymentPostprocessing = 0;
		};
		DD50E5912701A22C00A0EDA7 /* Resources */ = {
			isa = PBXResourcesBuildPhase;
			buildActionMask = 2147483647;
			files = (
			);
			runOnlyForDeploymentPostprocessing = 0;
		};
/* End PBXResourcesBuildPhase section */

/* Begin PBXSourcesBuildPhase section */
		DD50E56E2701A22900A0EDA7 /* Sources */ = {
			isa = PBXSourcesBuildPhase;
			buildActionMask = 2147483647;
			files = (
				DD50E5762701A22900A0EDA7 /* AppDelegate.swift in Sources */,
				DD50E5782701A22900A0EDA7 /* SceneDelegate.swift in Sources */,
				DD50E57A2701A22900A0EDA7 /* ContentView.swift in Sources */,
			);
			runOnlyForDeploymentPostprocessing = 0;
		};
		DD50E5842701A22B00A0EDA7 /* Sources */ = {
			isa = PBXSourcesBuildPhase;
			buildActionMask = 2147483647;
			files = (
				DD50E58D2701A22B00A0EDA7 /* practice_swiftUITests.swift in Sources */,
			);
			runOnlyForDeploymentPostprocessing = 0;
		};
		DD50E58F2701A22C00A0EDA7 /* Sources */ = {
			isa = PBXSourcesBuildPhase;
			buildActionMask = 2147483647;
			files = (
				DD50E5982701A22C00A0EDA7 /* practice_swiftUIUITests.swift in Sources */,
			);
			runOnlyForDeploymentPostprocessing = 0;
		};
/* End PBXSourcesBuildPhase section */

/* Begin PBXTargetDependency section */
		DD50E58A2701A22B00A0EDA7 /* PBXTargetDependency */ = {
			isa = PBXTargetDependency;
			target = DD50E5712701A22900A0EDA7 /* practice_swiftUI */;
			targetProxy = DD50E5892701A22B00A0EDA7 /* PBXContainerItemProxy */;
		};
		DD50E5952701A22C00A0EDA7 /* PBXTargetDependency */ = {
			isa = PBXTargetDependency;
			target = DD50E5712701A22900A0EDA7 /* practice_swiftUI */;
			targetProxy = DD50E5942701A22C00A0EDA7 /* PBXContainerItemProxy */;
		};
/* End PBXTargetDependency section */

/* Begin PBXVariantGroup section */
		DD50E5802701A22B00A0EDA7 /* LaunchScreen.storyboard */ = {
			isa = PBXVariantGroup;
			children = (
				DD50E5812701A22B00A0EDA7 /* Base */,
			);
			name = LaunchScreen.storyboard;
			sourceTree = "<group>";
		};
/* End PBXVariantGroup section */

/* Begin XCBuildConfiguration section */
		DD50E59A2701A22C00A0EDA7 /* Debug */ = {
			isa = XCBuildConfiguration;
			buildSettings = {
				ALWAYS_SEARCH_USER_PATHS = NO;
				CLANG_ANALYZER_NONNULL = YES;
				CLANG_ANALYZER_NUMBER_OBJECT_CONVERSION = YES_AGGRESSIVE;
				CLANG_CXX_LANGUAGE_STANDARD = "gnu++14";
				CLANG_CXX_LIBRARY = "libc++";
				CLANG_ENABLE_MODULES = YES;
				CLANG_ENABLE_OBJC_ARC = YES;
				CLANG_ENABLE_OBJC_WEAK = YES;
				CLANG_WARN_BLOCK_CAPTURE_AUTORELEASING = YES;
				CLANG_WARN_BOOL_CONVERSION = YES;
				CLANG_WARN_COMMA = YES;
				CLANG_WARN_CONSTANT_CONVERSION = YES;
				CLANG_WARN_DEPRECATED_OBJC_IMPLEMENTATIONS = YES;
				CLANG_WARN_DIRECT_OBJC_ISA_USAGE = YES_ERROR;
				CLANG_WARN_DOCUMENTATION_COMMENTS = YES;
				CLANG_WARN_EMPTY_BODY = YES;
				CLANG_WARN_ENUM_CONVERSION = YES;
				CLANG_WARN_INFINITE_RECURSION = YES;
				CLANG_WARN_INT_CONVERSION = YES;
				CLANG_WARN_NON_LITERAL_NULL_CONVERSION = YES;
				CLANG_WARN_OBJC_IMPLICIT_RETAIN_SELF = YES;
				CLANG_WARN_OBJC_LITERAL_CONVERSION = YES;
				CLANG_WARN_OBJC_ROOT_CLASS = YES_ERROR;
				CLANG_WARN_QUOTED_INCLUDE_IN_FRAMEWORK_HEADER = YES;
				CLANG_WARN_RANGE_LOOP_ANALYSIS = YES;
				CLANG_WARN_STRICT_PROTOTYPES = YES;
				CLANG_WARN_SUSPICIOUS_MOVE = YES;
				CLANG_WARN_UNGUARDED_AVAILABILITY = YES_AGGRESSIVE;
				CLANG_WARN_UNREACHABLE_CODE = YES;
				CLANG_WARN__DUPLICATE_METHOD_MATCH = YES;
				COPY_PHASE_STRIP = NO;
				DEBUG_INFORMATION_FORMAT = dwarf;
				ENABLE_STRICT_OBJC_MSGSEND = YES;
				ENABLE_TESTABILITY = YES;
				GCC_C_LANGUAGE_STANDARD = gnu11;
				GCC_DYNAMIC_NO_PIC = NO;
				GCC_NO_COMMON_BLOCKS = YES;
				GCC_OPTIMIZATION_LEVEL = 0;
				GCC_PREPROCESSOR_DEFINITIONS = (
					"DEBUG=1",
					"$(inherited)",
				);
				GCC_WARN_64_TO_32_BIT_CONVERSION = YES;
				GCC_WARN_ABOUT_RETURN_TYPE = YES_ERROR;
				GCC_WARN_UNDECLARED_SELECTOR = YES;
				GCC_WARN_UNINITIALIZED_AUTOS = YES_AGGRESSIVE;
				GCC_WARN_UNUSED_FUNCTION = YES;
				GCC_WARN_UNUSED_VARIABLE = YES;
				IPHONEOS_DEPLOYMENT_TARGET = 14.5;
				MTL_ENABLE_DEBUG_INFO = INCLUDE_SOURCE;
				MTL_FAST_MATH = YES;
				ONLY_ACTIVE_ARCH = YES;
				SDKROOT = iphoneos;
				SWIFT_ACTIVE_COMPILATION_CONDITIONS = DEBUG;
				SWIFT_OPTIMIZATION_LEVEL = "-Onone";
			};
			name = Debug;
		};
		DD50E59B2701A22C00A0EDA7 /* Release */ = {
			isa = XCBuildConfiguration;
			buildSettings = {
				ALWAYS_SEARCH_USER_PATHS = NO;
				CLANG_ANALYZER_NONNULL = YES;
				CLANG_ANALYZER_NUMBER_OBJECT_CONVERSION = YES_AGGRESSIVE;
				CLANG_CXX_LANGUAGE_STANDARD = "gnu++14";
				CLANG_CXX_LIBRARY = "libc++";
				CLANG_ENABLE_MODULES = YES;
				CLANG_ENABLE_OBJC_ARC = YES;
				CLANG_ENABLE_OBJC_WEAK = YES;
				CLANG_WARN_BLOCK_CAPTURE_AUTORELEASING = YES;
				CLANG_WARN_BOOL_CONVERSION = YES;
				CLANG_WARN_COMMA = YES;
				CLANG_WARN_CONSTANT_CONVERSION = YES;
				CLANG_WARN_DEPRECATED_OBJC_IMPLEMENTATIONS = YES;
				CLANG_WARN_DIRECT_OBJC_ISA_USAGE = YES_ERROR;
				CLANG_WARN_DOCUMENTATION_COMMENTS = YES;
				CLANG_WARN_EMPTY_BODY = YES;
				CLANG_WARN_ENUM_CONVERSION = YES;
				CLANG_WARN_INFINITE_RECURSION = YES;
				CLANG_WARN_INT_CONVERSION = YES;
				CLANG_WARN_NON_LITERAL_NULL_CONVERSION = YES;
				CLANG_WARN_OBJC_IMPLICIT_RETAIN_SELF = YES;
				CLANG_WARN_OBJC_LITERAL_CONVERSION = YES;
				CLANG_WARN_OBJC_ROOT_CLASS = YES_ERROR;
				CLANG_WARN_QUOTED_INCLUDE_IN_FRAMEWORK_HEADER = YES;
				CLANG_WARN_RANGE_LOOP_ANALYSIS = YES;
				CLANG_WARN_STRICT_PROTOTYPES = YES;
				CLANG_WARN_SUSPICIOUS_MOVE = YES;
				CLANG_WARN_UNGUARDED_AVAILABILITY = YES_AGGRESSIVE;
				CLANG_WARN_UNREACHABLE_CODE = YES;
				CLANG_WARN__DUPLICATE_METHOD_MATCH = YES;
				COPY_PHASE_STRIP = NO;
				DEBUG_INFORMATION_FORMAT = "dwarf-with-dsym";
				ENABLE_NS_ASSERTIONS = NO;
				ENABLE_STRICT_OBJC_MSGSEND = YES;
				GCC_C_LANGUAGE_STANDARD = gnu11;
				GCC_NO_COMMON_BLOCKS = YES;
				GCC_WARN_64_TO_32_BIT_CONVERSION = YES;
				GCC_WARN_ABOUT_RETURN_TYPE = YES_ERROR;
				GCC_WARN_UNDECLARED_SELECTOR = YES;
				GCC_WARN_UNINITIALIZED_AUTOS = YES_AGGRESSIVE;
				GCC_WARN_UNUSED_FUNCTION = YES;
				GCC_WARN_UNUSED_VARIABLE = YES;
				IPHONEOS_DEPLOYMENT_TARGET = 14.5;
				MTL_ENABLE_DEBUG_INFO = NO;
				MTL_FAST_MATH = YES;
				SDKROOT = iphoneos;
				SWIFT_COMPILATION_MODE = wholemodule;
				SWIFT_OPTIMIZATION_LEVEL = "-O";
				VALIDATE_PRODUCT = YES;
			};
			name = Release;
		};
		DD50E59D2701A22C00A0EDA7 /* Debug */ = {
			isa = XCBuildConfiguration;
			buildSettings = {
				ASSETCATALOG_COMPILER_APPICON_NAME = AppIcon;
				ASSETCATALOG_COMPILER_GLOBAL_ACCENT_COLOR_NAME = AccentColor;
				CODE_SIGN_STYLE = Automatic;
				DEVELOPMENT_ASSET_PATHS = "\"practice_swiftUI/Preview Content\"";
				DEVELOPMENT_TEAM = 8TSXG8SW66;
				ENABLE_PREVIEWS = YES;
				INFOPLIST_FILE = practice_swiftUI/Info.plist;
				LD_RUNPATH_SEARCH_PATHS = (
					"$(inherited)",
					"@executable_path/Frameworks",
				);
				PRODUCT_BUNDLE_IDENTIFIER = "Hyokjun-Won.practice-swiftUI";
				PRODUCT_NAME = "$(TARGET_NAME)";
				SWIFT_VERSION = 5.0;
				TARGETED_DEVICE_FAMILY = "1,2";
			};
			name = Debug;
		};
		DD50E59E2701A22C00A0EDA7 /* Release */ = {
			isa = XCBuildConfiguration;
			buildSettings = {
				ASSETCATALOG_COMPILER_APPICON_NAME = AppIcon;
				ASSETCATALOG_COMPILER_GLOBAL_ACCENT_COLOR_NAME = AccentColor;
				CODE_SIGN_STYLE = Automatic;
				DEVELOPMENT_ASSET_PATHS = "\"practice_swiftUI/Preview Content\"";
				DEVELOPMENT_TEAM = 8TSXG8SW66;
				ENABLE_PREVIEWS = YES;
				INFOPLIST_FILE = practice_swiftUI/Info.plist;
				LD_RUNPATH_SEARCH_PATHS = (
					"$(inherited)",
					"@executable_path/Frameworks",
				);
				PRODUCT_BUNDLE_IDENTIFIER = "Hyokjun-Won.practice-swiftUI";
				PRODUCT_NAME = "$(TARGET_NAME)";
				SWIFT_VERSION = 5.0;
				TARGETED_DEVICE_FAMILY = "1,2";
			};
			name = Release;
		};
		DD50E5A02701A22C00A0EDA7 /* Debug */ = {
			isa = XCBuildConfiguration;
			buildSettings = {
				ALWAYS_EMBED_SWIFT_STANDARD_LIBRARIES = YES;
				BUNDLE_LOADER = "$(TEST_HOST)";
				CODE_SIGN_STYLE = Automatic;
				DEVELOPMENT_TEAM = 8TSXG8SW66;
				INFOPLIST_FILE = practice_swiftUITests/Info.plist;
				IPHONEOS_DEPLOYMENT_TARGET = 14.5;
				LD_RUNPATH_SEARCH_PATHS = (
					"$(inherited)",
					"@executable_path/Frameworks",
					"@loader_path/Frameworks",
				);
				PRODUCT_BUNDLE_IDENTIFIER = "Hyokjun-Won.practice-swiftUITests";
				PRODUCT_NAME = "$(TARGET_NAME)";
				SWIFT_VERSION = 5.0;
				TARGETED_DEVICE_FAMILY = "1,2";
				TEST_HOST = "$(BUILT_PRODUCTS_DIR)/practice_swiftUI.app/practice_swiftUI";
			};
			name = Debug;
		};
		DD50E5A12701A22C00A0EDA7 /* Release */ = {
			isa = XCBuildConfiguration;
			buildSettings = {
				ALWAYS_EMBED_SWIFT_STANDARD_LIBRARIES = YES;
				BUNDLE_LOADER = "$(TEST_HOST)";
				CODE_SIGN_STYLE = Automatic;
				DEVELOPMENT_TEAM = 8TSXG8SW66;
				INFOPLIST_FILE = practice_swiftUITests/Info.plist;
				IPHONEOS_DEPLOYMENT_TARGET = 14.5;
				LD_RUNPATH_SEARCH_PATHS = (
					"$(inherited)",
					"@executable_path/Frameworks",
					"@loader_path/Frameworks",
				);
				PRODUCT_BUNDLE_IDENTIFIER = "Hyokjun-Won.practice-swiftUITests";
				PRODUCT_NAME = "$(TARGET_NAME)";
				SWIFT_VERSION = 5.0;
				TARGETED_DEVICE_FAMILY = "1,2";
				TEST_HOST = "$(BUILT_PRODUCTS_DIR)/practice_swiftUI.app/practice_swiftUI";
			};
			name = Release;
		};
		DD50E5A32701A22C00A0EDA7 /* Debug */ = {
			isa = XCBuildConfiguration;
			buildSettings = {
				ALWAYS_EMBED_SWIFT_STANDARD_LIBRARIES = YES;
				CODE_SIGN_STYLE = Automatic;
				DEVELOPMENT_TEAM = 8TSXG8SW66;
				INFOPLIST_FILE = practice_swiftUIUITests/Info.plist;
				LD_RUNPATH_SEARCH_PATHS = (
					"$(inherited)",
					"@executable_path/Frameworks",
					"@loader_path/Frameworks",
				);
				PRODUCT_BUNDLE_IDENTIFIER = "Hyokjun-Won.practice-swiftUIUITests";
				PRODUCT_NAME = "$(TARGET_NAME)";
				SWIFT_VERSION = 5.0;
				TARGETED_DEVICE_FAMILY = "1,2";
				TEST_TARGET_NAME = practice_swiftUI;
			};
			name = Debug;
		};
		DD50E5A42701A22C00A0EDA7 /* Release */ = {
			isa = XCBuildConfiguration;
			buildSettings = {
				ALWAYS_EMBED_SWIFT_STANDARD_LIBRARIES = YES;
				CODE_SIGN_STYLE = Automatic;
				DEVELOPMENT_TEAM = 8TSXG8SW66;
				INFOPLIST_FILE = practice_swiftUIUITests/Info.plist;
				LD_RUNPATH_SEARCH_PATHS = (
					"$(inherited)",
					"@executable_path/Frameworks",
					"@loader_path/Frameworks",
				);
				PRODUCT_BUNDLE_IDENTIFIER = "Hyokjun-Won.practice-swiftUIUITests";
				PRODUCT_NAME = "$(TARGET_NAME)";
				SWIFT_VERSION = 5.0;
				TARGETED_DEVICE_FAMILY = "1,2";
				TEST_TARGET_NAME = practice_swiftUI;
			};
			name = Release;
		};
/* End XCBuildConfiguration section */

/* Begin XCConfigurationList section */
		DD50E56D2701A22900A0EDA7 /* Build configuration list for PBXProject "practice_swiftUI" */ = {
			isa = XCConfigurationList;
			buildConfigurations = (
				DD50E59A2701A22C00A0EDA7 /* Debug */,
				DD50E59B2701A22C00A0EDA7 /* Release */,
			);
			defaultConfigurationIsVisible = 0;
			defaultConfigurationName = Release;
		};
		DD50E59C2701A22C00A0EDA7 /* Build configuration list for PBXNativeTarget "practice_swiftUI" */ = {
			isa = XCConfigurationList;
			buildConfigurations = (
				DD50E59D2701A22C00A0EDA7 /* Debug */,
				DD50E59E2701A22C00A0EDA7 /* Release */,
			);
			defaultConfigurationIsVisible = 0;
			defaultConfigurationName = Release;
		};
		DD50E59F2701A22C00A0EDA7 /* Build configuration list for PBXNativeTarget "practice_swiftUITests" */ = {
			isa = XCConfigurationList;
			buildConfigurations = (
				DD50E5A02701A22C00A0EDA7 /* Debug */,
				DD50E5A12701A22C00A0EDA7 /* Release */,
			);
			defaultConfigurationIsVisible = 0;
			defaultConfigurationName = Release;
		};
		DD50E5A22701A22C00A0EDA7 /* Build configuration list for PBXNativeTarget "practice_swiftUIUITests" */ = {
			isa = XCConfigurationList;
			buildConfigurations = (
				DD50E5A32701A22C00A0EDA7 /* Debug */,
				DD50E5A42701A22C00A0EDA7 /* Release */,
			);
			defaultConfigurationIsVisible = 0;
			defaultConfigurationName = Release;
		};
/* End XCConfigurationList section */
	};
	rootObject = DD50E56A2701A22900A0EDA7 /* Project object */;
}
